dependencies:
- name: nuclio
  repository: https://nuclio.github.io/nuclio/charts
  version: 0.7.0
- name: mlrun
  repository: https://v3io.github.io/helm-charts/stable
  version: 0.5.8
- name: nfs-server-provisioner
  repository: https://kubernetes-charts.storage.googleapis.com
  version: 1.1.1
- name: mpi-operator
  repository: https://v3io.github.io/helm-charts/stable
  version: 0.2.1
digest: sha256:3dc135649e1afd91e9d82aa67a674fbffd396d0a47cc9ab5c31e1a3587e644a6
generated: "2020-11-23T17:54:33.982899+02:00"
