dependencies:
- name: prometheus
  repository: https://charts.helm.sh/stable
  version: 4.6.13
- name: grafana
  repository: https://charts.helm.sh/stable
  version: 0.5.4
- name: fluent-bit
  repository: https://charts.helm.sh/stable
  version: 0.16.1
- name: tenant
  repository: https://v3io.github.io/helm-charts/stable
  version: 0.3.0
digest: sha256:6110e517158380deb5e4fdd3d7646be1f4193198a29116e6a4bb246696ea55c8
generated: "2021-02-07T16:17:38.29785+02:00"
