dependencies:
- name: prometheus
  repository: https://kubernetes-charts.storage.googleapis.com/
  version: 4.6.13
- name: grafana
  repository: https://kubernetes-charts.storage.googleapis.com/
  version: 0.5.4
- name: fluent-bit
  repository: https://kubernetes-charts.storage.googleapis.com/
  version: 0.16.1
- name: tenant
  repository: https://v3io.github.io/helm-charts/stable
  version: 0.3.0
digest: sha256:f9d187bc03cc5bbadc7c1fb89596478c51277dd1d49561552ef2220d992208d8
generated: "2020-04-30T00:11:21.392371+03:00"
