dependencies:
- name: spark
  repository: https://v3io.github.io/helm-charts/stable
  version: 0.2.9
- name: presto
  repository: https://v3io.github.io/helm-charts/stable
  version: 0.1.1
- name: shell
  repository: https://v3io.github.io/helm-charts/stable
  version: "0.1"
digest: sha256:56a6f406a7d92d75c7c4793ca46f236e3579384edcf14f6cdb363cfa28605c29
generated: 2018-03-13T18:18:51.761341+02:00
