dependencies:
- name: spark
  repository: https://v3io.github.io/helm-charts/stable
  version: 0.2.9
- name: presto
  repository: https://v3io.github.io/helm-charts/stable
  version: 0.1.1
- name: shell
  repository: https://v3io.github.io/helm-charts/stable
  version: "0.2"
digest: sha256:0e10b76ba300496f37ed5d95b5d38ddc0f636938327357998a4492c9f476cb71
generated: 2018-03-18T11:59:24.937296+02:00
