dependencies:
- name: spark
  repository: https://v3io.github.io/helm-charts/stable
  version: 0.2.9
- name: presto
  repository: https://v3io.github.io/helm-charts/stable
  version: 0.1.1
digest: sha256:ebd10c70a3b09f0dd34d66931c737ec506f9889d6ad3ea6d5a5da5b53db03d4f
generated: 2018-03-13T16:51:36.104834+02:00
