dependencies:
- name: nuclio
  repository: https://nuclio.github.io/nuclio/charts
  version: 0.1.4
- name: v3iod
  repository: https://v3io.github.io/helm-charts/stable
  version: 0.3.4
- name: v3io-webapi
  repository: https://v3io.github.io/helm-charts/stable
  version: 0.1.1
digest: sha256:d310c7c58d323857bc196e41a43dd037eaeea9ef14769ddb7f415f500b4cf173
generated: 2018-03-13T16:51:24.429843+02:00
