dependencies:
- name: nuclio
  repository: https://nuclio.github.io/nuclio/charts
  version: 0.1.4
- name: v3iod
  repository: https://v3io.github.io/helm-charts/stable
  version: 0.3.1
- name: v3io-webapi
  repository: https://v3io.github.io/helm-charts/stable
  version: "0.1"
digest: sha256:15cb0daa0ede018597012122410dbecdebc2791545d3a3b8024f1bfd636fd045
generated: 2018-02-19T15:47:50.612799+02:00
