dependencies:
- name: nuclio
  repository: https://nuclio.github.io/nuclio/charts
  version: 0.1.4
- name: v3iod
  repository: https://v3io.github.io/helm-charts/stable
  version: 0.3.3
- name: v3io-webapi
  repository: https://v3io.github.io/helm-charts/stable
  version: "0.1"
digest: sha256:3f8754f84a916306eefc8c941781193ea1f90d81c174f6465bb2e497576decab
generated: 2018-02-20T11:54:57.349686+02:00
