dependencies:
- name: v3io-mysql
  repository: https://v3io.github.io/helm-charts/stable
  version: 0.2.0
- name: keycloak
  repository: https://charts.bitnami.com/bitnami
  version: 13.2.0
digest: sha256:709d1d743a461afabf06160384b26fc9ddb847b815196c63b884486680521ea1
generated: "2023-03-14T15:03:42.204305+02:00"
