dependencies:
- name: v3io-mysql
  repository: https://v3io.github.io/helm-charts/stable
  version: 0.1.0
- name: keycloak
  repository: https://codecentric.github.io/helm-charts
  version: 18.4.0
digest: sha256:4995581236d6e0e8aba4a507e7b0c6b2f82f5101e50b95eeebf0f6a63cdbb822
generated: "2023-03-01T11:56:52.96434+02:00"
