dependencies:
- name: v3io-mysql
  repository: https://v3io.github.io/helm-charts/stable
  version: 0.2.0
- name: keycloak
  repository: https://charts.bitnami.com/bitnami
  version: 13.2.0
digest: sha256:30a711f3824ccbcb5730a6ac17528af97a646330a48b763d55747689a02e5cd8
generated: "2023-03-09T15:32:54.799173+02:00"
