dependencies:
- name: v3io-configs
  repository: https://v3io.github.io/helm-charts/stable
  version: 0.9.0
- name: pvc
  repository: https://v3io.github.io/helm-charts/stable
  version: 0.2.0
digest: sha256:859d19a429d96e7a318bf3789c329758de400c56156ca71cc85d40877957b797
generated: "2020-08-31T00:17:05.75819+03:00"
