dependencies:
- name: v3io-configs
  repository: https://v3io.github.io/helm-charts/stable
  version: 0.11.5
- name: pvc
  repository: https://v3io.github.io/helm-charts/stable
  version: 0.2.0
digest: sha256:e64cb944c34e957e5c80bfcba2ed8c088f5e0e3df31c0fda2a999a8e9b82a123
generated: "2022-11-28T21:24:34.097819+02:00"
