dependencies:
- name: v3io-configs
  repository: https://v3io.github.io/helm-charts/stable
  version: 0.13.1
- name: pvc
  repository: https://v3io.github.io/helm-charts/stable
  version: 0.2.0
digest: sha256:8170ff304f93737350be6582edf799ede55f037f604e647b151e6474a77cde4d
generated: "2022-11-07T11:55:00.119634069+02:00"
