dependencies:
- name: nuclio
  repository: https://nuclio.github.io/nuclio/charts
  version: 0.7.18
- name: mlrun
  repository: https://v3io.github.io/helm-charts/stable
  version: 0.5.14
- name: nfs-server-provisioner
  repository: https://charts.helm.sh/stable
  version: 1.1.1
- name: mpi-operator
  repository: https://v3io.github.io/helm-charts/stable
  version: 0.3.3
digest: sha256:81fb54009b5d8d61173c55917193318628928590390df1d8e80e99cc201a7d68
generated: "2021-02-08T10:01:25.965917+02:00"
