dependencies:
- name: nuclio
  repository: https://nuclio.github.io/nuclio/charts
  version: 0.14.0
- name: mlrun
  repository: https://v3io.github.io/helm-charts/stable
  version: 0.8.6
- name: mpi-operator
  repository: https://v3io.github.io/helm-charts/stable
  version: 0.6.0
- name: minio
  repository: https://charts.min.io/
  version: 4.0.2
digest: sha256:4d12f501cbc69322d7607cb95ccc666d8647f71f51e539515af87c0ed4ec99df
generated: "2022-07-14T11:30:12.748591716+03:00"
