dependencies:
- name: nuclio
  repository: https://nuclio.github.io/nuclio/charts
  version: 0.14.0
- name: mlrun
  repository: https://v3io.github.io/helm-charts/stable
  version: 0.8.3
- name: nfs-server-provisioner
  repository: https://charts.helm.sh/stable
  version: 1.1.1
- name: mpi-operator
  repository: https://v3io.github.io/helm-charts/stable
  version: 0.6.0
digest: sha256:e939e6eba93b7d8e17396333e3274335f23cf0c6737fa2916f4d789139151a97
generated: "2022-07-06T11:36:10.473568+03:00"
