dependencies:
- name: prometheus
  repository: https://kubernetes-charts.storage.googleapis.com/
  version: 4.6.13
- name: grafana
  repository: https://kubernetes-charts.storage.googleapis.com/
  version: 0.5.4
- name: spark
  repository: https://v3io.github.io/helm-charts/stable
  version: 0.2.6
- name: nuclio
  repository: https://nuclio.github.io/nuclio/charts
  version: 0.1.4
- name: v3iod
  repository: https://v3io.github.io/helm-charts/stable
  version: 0.3.2
- name: v3io-webapi
  repository: https://v3io.github.io/helm-charts/stable
  version: "0.1"
digest: sha256:4dcc4d83662f7e66150542690ee411b9e68030408f2bae63c3648501321ab9a5
generated: 2018-02-20T11:35:40.910054+02:00
