dependencies:
- name: prometheus
  repository: https://kubernetes-charts.storage.googleapis.com/
  version: 4.6.13
- name: grafana
  repository: https://kubernetes-charts.storage.googleapis.com/
  version: 0.5.4
- name: spark
  repository: https://v3io.github.io/helm-charts/stable
  version: 0.2.9
- name: presto
  repository: https://v3io.github.io/helm-charts/stable
  version: 0.1.1
- name: nuclio
  repository: https://nuclio.github.io/nuclio/charts
  version: 0.1.4
- name: v3iod
  repository: https://v3io.github.io/helm-charts/stable
  version: 0.3.4
- name: v3io-webapi
  repository: https://v3io.github.io/helm-charts/stable
  version: 0.1.1
- name: shell
  repository: https://v3io.github.io/helm-charts/stable
  version: "0.1"
digest: sha256:e28563b3e7c08307aaa39c41db62f81e37d32b1f2b78b9444ae3377b57a1d856
generated: 2018-03-07T17:02:17.340246+02:00
