dependencies:
- name: prometheus
  repository: https://kubernetes-charts.storage.googleapis.com/
  version: 4.6.13
- name: grafana
  repository: https://kubernetes-charts.storage.googleapis.com/
  version: 0.5.0
- name: spark
  repository: https://v3io.github.io/helm-charts/stable
  version: 0.2.3
- name: nuclio
  repository: https://nuclio.github.io/nuclio/charts
  version: 0.1.1
- name: v3iod
  repository: https://v3io.github.io/helm-charts/stable
  version: "0.2"
- name: v3io-webapi
  repository: https://v3io.github.io/helm-charts/stable
  version: "0.1"
digest: sha256:b31fdb2d7a89bd8db6c1b6d842917a69620bb582381e80cb9b63a44c51721a8b
generated: 2017-12-27T12:57:36.929119+02:00
