dependencies:
- name: v3io-configs
  repository: https://v3io.github.io/helm-charts/stable
  version: 0.4.0
- name: jupyterhub
  repository: file://../jupyterhub
  version: 0.7.1
digest: sha256:10329e9516381437c72f7bbada1e36f557cfc09f38e9e4c903ed520bdaa83dc2
generated: 2018-10-16T15:21:26.169703599+03:00
