dependencies:
- name: node-feature-discovery
  repository: https://v3io.github.io/helm-charts/stable
  version: 0.1.0
- name: gpu-feature-discovery
  repository: https://v3io.github.io/helm-charts/stable
  version: 0.1.0
digest: sha256:619463abf822689c2857db3b18707403284b6d892e83168e14660bad646be12b
generated: "2019-12-31T11:53:33.804319+02:00"
