dependencies:
- name: node-feature-discovery
  repository: https://v3io.github.io/helm-charts/stable
  version: 0.2.0
- name: gpu-feature-discovery
  repository: https://v3io.github.io/helm-charts/stable
  version: 0.2.0
digest: sha256:30f0826f8008684b6eb6cae31825275a892102c29b210ece416fac3d48e53906
generated: "2020-04-03T22:56:57.6829+03:00"
